
Microsoft Visual Studio Solution File, Format Version 12.00
# Visual Studio 15
VisualStudioVersion = 15.0.28307.1000
MinimumVisualStudioVersion = 10.0.40219.1
Project("{FAE04EC0-301F-11D3-BF4B-00C04F79EFBC}") = "MathLibrary", "MathLibrary\MathLibrary.csproj", "{EE430F2E-F4EC-4F70-A207-061A4D254C63}"
EndProject
Project("{FAE04EC0-301F-11D3-BF4B-00C04F79EFBC}") = "MathLibrary.Tests", "MathLibrary.Tests\MathLibrary.Tests.csproj", "{493CF514-B9D6-4351-9C3F-7086DE15497E}"
EndProject
Project("{FAE04EC0-301F-11D3-BF4B-00C04F79EFBC}") = "MathLibrary.nUnit.Test", "MathLibrary.nUnit.Test\MathLibrary.nUnit.Test.csproj", "{38F0386A-F5CB-442D-82C4-1652D27B69C1}"
EndProject
Project("{FAE04EC0-301F-11D3-BF4B-00C04F79EFBC}") = "DemoForGitHub", "DemoForGitHub\DemoForGitHub.csproj", "{E9E87684-78E3-416E-9825-7441B852606C}"
EndProject
Global
	GlobalSection(SolutionConfigurationPlatforms) = preSolution
		Debug|Any CPU = Debug|Any CPU
		Release|Any CPU = Release|Any CPU
	EndGlobalSection
	GlobalSection(ProjectConfigurationPlatforms) = postSolution
		{EE430F2E-F4EC-4F70-A207-061A4D254C63}.Debug|Any CPU.ActiveCfg = Debug|Any CPU
		{EE430F2E-F4EC-4F70-A207-061A4D254C63}.Debug|Any CPU.Build.0 = Debug|Any CPU
		{EE430F2E-F4EC-4F70-A207-061A4D254C63}.Release|Any CPU.ActiveCfg = Release|Any CPU
		{EE430F2E-F4EC-4F70-A207-061A4D254C63}.Release|Any CPU.Build.0 = Release|Any CPU
		{493CF514-B9D6-4351-9C3F-7086DE15497E}.Debug|Any CPU.ActiveCfg = Debug|Any CPU
		{493CF514-B9D6-4351-9C3F-7086DE15497E}.Debug|Any CPU.Build.0 = Debug|Any CPU
		{493CF514-B9D6-4351-9C3F-7086DE15497E}.Release|Any CPU.ActiveCfg = Release|Any CPU
		{493CF514-B9D6-4351-9C3F-7086DE15497E}.Release|Any CPU.Build.0 = Release|Any CPU
		{38F0386A-F5CB-442D-82C4-1652D27B69C1}.Debug|Any CPU.ActiveCfg = Debug|Any CPU
		{38F0386A-F5CB-442D-82C4-1652D27B69C1}.Debug|Any CPU.Build.0 = Debug|Any CPU
		{38F0386A-F5CB-442D-82C4-1652D27B69C1}.Release|Any CPU.ActiveCfg = Release|Any CPU
		{38F0386A-F5CB-442D-82C4-1652D27B69C1}.Release|Any CPU.Build.0 = Release|Any CPU
		{E9E87684-78E3-416E-9825-7441B852606C}.Debug|Any CPU.ActiveCfg = Debug|Any CPU
		{E9E87684-78E3-416E-9825-7441B852606C}.Debug|Any CPU.Build.0 = Debug|Any CPU
		{E9E87684-78E3-416E-9825-7441B852606C}.Release|Any CPU.ActiveCfg = Release|Any CPU
		{E9E87684-78E3-416E-9825-7441B852606C}.Release|Any CPU.Build.0 = Release|Any CPU
	EndGlobalSection
	GlobalSection(SolutionProperties) = preSolution
		HideSolutionNode = FALSE
	EndGlobalSection
	GlobalSection(ExtensibilityGlobals) = postSolution
		SolutionGuid = {201F0789-0134-4B24-927C-06E3DA57B4C8}
	EndGlobalSection
EndGlobal
